// !$*UTF8*$!
{
	archiveVersion = 1;
	classes = {
	};
	objectVersion = 48;
	objects = {

/* Begin PBXBuildFile section */
		DC4307B61FB13398005FD7B7 /* AppDelegate.swift in Sources */ = {isa = PBXBuildFile; fileRef = DC4307B51FB13398005FD7B7 /* AppDelegate.swift */; };
		DC4307B81FB13398005FD7B7 /* ViewController.swift in Sources */ = {isa = PBXBuildFile; fileRef = DC4307B71FB13398005FD7B7 /* ViewController.swift */; };
		DC4307BB1FB13398005FD7B7 /* Main.storyboard in Resources */ = {isa = PBXBuildFile; fileRef = DC4307B91FB13398005FD7B7 /* Main.storyboard */; };
		DC4307BD1FB13398005FD7B7 /* Assets.xcassets in Resources */ = {isa = PBXBuildFile; fileRef = DC4307BC1FB13398005FD7B7 /* Assets.xcassets */; };
		DC4307C01FB13398005FD7B7 /* LaunchScreen.storyboard in Resources */ = {isa = PBXBuildFile; fileRef = DC4307BE1FB13398005FD7B7 /* LaunchScreen.storyboard */; };
		DC4307C81FB135F1005FD7B7 /* Inceptionv3.mlmodel in Sources */ = {isa = PBXBuildFile; fileRef = DC4307C71FB135F1005FD7B7 /* Inceptionv3.mlmodel */; };
/* End PBXBuildFile section */

/* Begin PBXFileReference section */
		DC4307B21FB13398005FD7B7 /* FoodChecker.app */ = {isa = PBXFileReference; explicitFileType = wrapper.application; includeInIndex = 0; path = FoodChecker.app; sourceTree = BUILT_PRODUCTS_DIR; };
		DC4307B51FB13398005FD7B7 /* AppDelegate.swift */ = {isa = PBXFileReference; lastKnownFileType = sourcecode.swift; path = AppDelegate.swift; sourceTree = "<group>"; };
		DC4307B71FB13398005FD7B7 /* ViewController.swift */ = {isa = PBXFileReference; lastKnownFileType = sourcecode.swift; path = ViewController.swift; sourceTree = "<group>"; };
		DC4307BA1FB13398005FD7B7 /* Base */ = {isa = PBXFileReference; lastKnownFileType = file.storyboard; name = Base; path = Base.lproj/Main.storyboard; sourceTree = "<group>"; };
		DC4307BC1FB13398005FD7B7 /* Assets.xcassets */ = {isa = PBXFileReference; lastKnownFileType = folder.assetcatalog; path = Assets.xcassets; sourceTree = "<group>"; };
		DC4307BF1FB13398005FD7B7 /* Base */ = {isa = PBXFileReference; lastKnownFileType = file.storyboard; name = Base; path = Base.lproj/LaunchScreen.storyboard; sourceTree = "<group>"; };
		DC4307C11FB13398005FD7B7 /* Info.plist */ = {isa = PBXFileReference; lastKnownFileType = text.plist.xml; path = Info.plist; sourceTree = "<group>"; };
		DC4307C71FB135F1005FD7B7 /* Inceptionv3.mlmodel */ = {isa = PBXFileReference; lastKnownFileType = file.mlmodel; path = Inceptionv3.mlmodel; sourceTree = "<group>"; };
/* End PBXFileReference section */

/* Begin PBXFrameworksBuildPhase section */
		DC4307AF1FB13398005FD7B7 /* Frameworks */ = {
			isa = PBXFrameworksBuildPhase;
			buildActionMask = 2147483647;
			files = (
			);
			runOnlyForDeploymentPostprocessing = 0;
		};
/* End PBXFrameworksBuildPhase section */

/* Begin PBXGroup section */
		DC4307A91FB13398005FD7B7 = {
			isa = PBXGroup;
			children = (
				DC4307B41FB13398005FD7B7 /* FoodChecker */,
				DC4307B31FB13398005FD7B7 /* Products */,
			);
			sourceTree = "<group>";
		};
		DC4307B31FB13398005FD7B7 /* Products */ = {
			isa = PBXGroup;
			children = (
				DC4307B21FB13398005FD7B7 /* FoodChecker.app */,
			);
			name = Products;
			sourceTree = "<group>";
		};
		DC4307B41FB13398005FD7B7 /* FoodChecker */ = {
			isa = PBXGroup;
			children = (
				DC4307B51FB13398005FD7B7 /* AppDelegate.swift */,
				DC4307B71FB13398005FD7B7 /* ViewController.swift */,
				DC4307B91FB13398005FD7B7 /* Main.storyboard */,
				DC4307BC1FB13398005FD7B7 /* Assets.xcassets */,
				DC4307BE1FB13398005FD7B7 /* LaunchScreen.storyboard */,
				DC4307C11FB13398005FD7B7 /* Info.plist */,
				DC4307C71FB135F1005FD7B7 /* Inceptionv3.mlmodel */,
			);
			path = FoodChecker;
			sourceTree = "<group>";
		};
/* End PBXGroup section */

/* Begin PBXNativeTarget section */
		DC4307B11FB13398005FD7B7 /* FoodChecker */ = {
			isa = PBXNativeTarget;
			buildConfigurationList = DC4307C41FB13398005FD7B7 /* Build configuration list for PBXNativeTarget "FoodChecker" */;
			buildPhases = (
				DC4307AE1FB13398005FD7B7 /* Sources */,
				DC4307AF1FB13398005FD7B7 /* Frameworks */,
				DC4307B01FB13398005FD7B7 /* Resources */,
			);
			buildRules = (
			);
			dependencies = (
			);
			name = FoodChecker;
			productName = FoodChecker;
			productReference = DC4307B21FB13398005FD7B7 /* FoodChecker.app */;
			productType = "com.apple.product-type.application";
		};
/* End PBXNativeTarget section */

/* Begin PBXProject section */
		DC4307AA1FB13398005FD7B7 /* Project object */ = {
			isa = PBXProject;
			attributes = {
				LastSwiftUpdateCheck = 0910;
				LastUpgradeCheck = 0910;
				ORGANIZATIONNAME = "Filip Trzaska";
				TargetAttributes = {
					DC4307B11FB13398005FD7B7 = {
						CreatedOnToolsVersion = 9.1;
						ProvisioningStyle = Automatic;
					};
				};
			};
			buildConfigurationList = DC4307AD1FB13398005FD7B7 /* Build configuration list for PBXProject "FoodChecker" */;
			compatibilityVersion = "Xcode 8.0";
			developmentRegion = en;
			hasScannedForEncodings = 0;
			knownRegions = (
				en,
				Base,
			);
			mainGroup = DC4307A91FB13398005FD7B7;
			productRefGroup = DC4307B31FB13398005FD7B7 /* Products */;
			projectDirPath = "";
			projectRoot = "";
			targets = (
				DC4307B11FB13398005FD7B7 /* FoodChecker */,
			);
		};
/* End PBXProject section */

/* Begin PBXResourcesBuildPhase section */
		DC4307B01FB13398005FD7B7 /* Resources */ = {
			isa = PBXResourcesBuildPhase;
			buildActionMask = 2147483647;
			files = (
				DC4307C01FB13398005FD7B7 /* LaunchScreen.storyboard in Resources */,
				DC4307BD1FB13398005FD7B7 /* Assets.xcassets in Resources */,
				DC4307BB1FB13398005FD7B7 /* Main.storyboard in Resources */,
			);
			runOnlyForDeploymentPostprocessing = 0;
		};
/* End PBXResourcesBuildPhase section */

/* Begin PBXSourcesBuildPhase section */
		DC4307AE1FB13398005FD7B7 /* Sources */ = {
			isa = PBXSourcesBuildPhase;
			buildActionMask = 2147483647;
			files = (
				DC4307B81FB13398005FD7B7 /* ViewController.swift in Sources */,
				DC4307C81FB135F1005FD7B7 /* Inceptionv3.mlmodel in Sources */,
				DC4307B61FB13398005FD7B7 /* AppDelegate.swift in Sources */,
			);
			runOnlyForDeploymentPostprocessing = 0;
		};
/* End PBXSourcesBuildPhase section */

/* Begin PBXVariantGroup section */
		DC4307B91FB13398005FD7B7 /* Main.storyboard */ = {
			isa = PBXVariantGroup;
			children = (
				DC4307BA1FB13398005FD7B7 /* Base */,
			);
			name = Main.storyboard;
			sourceTree = "<group>";
		};
		DC4307BE1FB13398005FD7B7 /* LaunchScreen.storyboard */ = {
			isa = PBXVariantGroup;
			children = (
				DC4307BF1FB13398005FD7B7 /* Base */,
			);
			name = LaunchScreen.storyboard;
			sourceTree = "<group>";
		};
/* End PBXVariantGroup section */

/* Begin XCBuildConfiguration section */
		DC4307C21FB13398005FD7B7 /* Debug */ = {
			isa = XCBuildConfiguration;
			buildSettings = {
				ALWAYS_SEARCH_USER_PATHS = NO;
				CLANG_ANALYZER_NONNULL = YES;
				CLANG_ANALYZER_NUMBER_OBJECT_CONVERSION = YES_AGGRESSIVE;
				CLANG_CXX_LANGUAGE_STANDARD = "gnu++14";
				CLANG_CXX_LIBRARY = "libc++";
				CLANG_ENABLE_MODULES = YES;
				CLANG_ENABLE_OBJC_ARC = YES;
				CLANG_WARN_BLOCK_CAPTURE_AUTORELEASING = YES;
				CLANG_WARN_BOOL_CONVERSION = YES;
				CLANG_WARN_COMMA = YES;
				CLANG_WARN_CONSTANT_CONVERSION = YES;
				CLANG_WARN_DIRECT_OBJC_ISA_USAGE = YES_ERROR;
				CLANG_WARN_DOCUMENTATION_COMMENTS = YES;
				CLANG_WARN_EMPTY_BODY = YES;
				CLANG_WARN_ENUM_CONVERSION = YES;
				CLANG_WARN_INFINITE_RECURSION = YES;
				CLANG_WARN_INT_CONVERSION = YES;
				CLANG_WARN_NON_LITERAL_NULL_CONVERSION = YES;
				CLANG_WARN_OBJC_LITERAL_CONVERSION = YES;
				CLANG_WARN_OBJC_ROOT_CLASS = YES_ERROR;
				CLANG_WARN_RANGE_LOOP_ANALYSIS = YES;
				CLANG_WARN_STRICT_PROTOTYPES = YES;
				CLANG_WARN_SUSPICIOUS_MOVE = YES;
				CLANG_WARN_UNGUARDED_AVAILABILITY = YES_AGGRESSIVE;
				CLANG_WARN_UNREACHABLE_CODE = YES;
				CLANG_WARN__DUPLICATE_METHOD_MATCH = YES;
				CODE_SIGN_IDENTITY = "iPhone Developer";
				COPY_PHASE_STRIP = NO;
				DEBUG_INFORMATION_FORMAT = dwarf;
				ENABLE_STRICT_OBJC_MSGSEND = YES;
				ENABLE_TESTABILITY = YES;
				GCC_C_LANGUAGE_STANDARD = gnu11;
				GCC_DYNAMIC_NO_PIC = NO;
				GCC_NO_COMMON_BLOCKS = YES;
				GCC_OPTIMIZATION_LEVEL = 0;
				GCC_PREPROCESSOR_DEFINITIONS = (
					"DEBUG=1",
					"$(inherited)",
				);
				GCC_WARN_64_TO_32_BIT_CONVERSION = YES;
				GCC_WARN_ABOUT_RETURN_TYPE = YES_ERROR;
				GCC_WARN_UNDECLARED_SELECTOR = YES;
				GCC_WARN_UNINITIALIZED_AUTOS = YES_AGGRESSIVE;
				GCC_WARN_UNUSED_FUNCTION = YES;
				GCC_WARN_UNUSED_VARIABLE = YES;
				IPHONEOS_DEPLOYMENT_TARGET = 11.1;
				MTL_ENABLE_DEBUG_INFO = YES;
				ONLY_ACTIVE_ARCH = YES;
				SDKROOT = iphoneos;
				SWIFT_ACTIVE_COMPILATION_CONDITIONS = DEBUG;
				SWIFT_OPTIMIZATION_LEVEL = "-Onone";
			};
			name = Debug;
		};
		DC4307C31FB13398005FD7B7 /* Release */ = {
			isa = XCBuildConfiguration;
			buildSettings = {
				ALWAYS_SEARCH_USER_PATHS = NO;
				CLANG_ANALYZER_NONNULL = YES;
				CLANG_ANALYZER_NUMBER_OBJECT_CONVERSION = YES_AGGRESSIVE;
				CLANG_CXX_LANGUAGE_STANDARD = "gnu++14";
				CLANG_CXX_LIBRARY = "libc++";
				CLANG_ENABLE_MODULES = YES;
				CLANG_ENABLE_OBJC_ARC = YES;
				CLANG_WARN_BLOCK_CAPTURE_AUTORELEASING = YES;
				CLANG_WARN_BOOL_CONVERSION = YES;
				CLANG_WARN_COMMA = YES;
				CLANG_WARN_CONSTANT_CONVERSION = YES;
				CLANG_WARN_DIRECT_OBJC_ISA_USAGE = YES_ERROR;
				CLANG_WARN_DOCUMENTATION_COMMENTS = YES;
				CLANG_WARN_EMPTY_BODY = YES;
				CLANG_WARN_ENUM_CONVERSION = YES;
				CLANG_WARN_INFINITE_RECURSION = YES;
				CLANG_WARN_INT_CONVERSION = YES;
				CLANG_WARN_NON_LITERAL_NULL_CONVERSION = YES;
				CLANG_WARN_OBJC_LITERAL_CONVERSION = YES;
				CLANG_WARN_OBJC_ROOT_CLASS = YES_ERROR;
				CLANG_WARN_RANGE_LOOP_ANALYSIS = YES;
				CLANG_WARN_STRICT_PROTOTYPES = YES;
				CLANG_WARN_SUSPICIOUS_MOVE = YES;
				CLANG_WARN_UNGUARDED_AVAILABILITY = YES_AGGRESSIVE;
				CLANG_WARN_UNREACHABLE_CODE = YES;
				CLANG_WARN__DUPLICATE_METHOD_MATCH = YES;
				CODE_SIGN_IDENTITY = "iPhone Developer";
				COPY_PHASE_STRIP = NO;
				DEBUG_INFORMATION_FORMAT = "dwarf-with-dsym";
				ENABLE_NS_ASSERTIONS = NO;
				ENABLE_STRICT_OBJC_MSGSEND = YES;
				GCC_C_LANGUAGE_STANDARD = gnu11;
				GCC_NO_COMMON_BLOCKS = YES;
				GCC_WARN_64_TO_32_BIT_CONVERSION = YES;
				GCC_WARN_ABOUT_RETURN_TYPE = YES_ERROR;
				GCC_WARN_UNDECLARED_SELECTOR = YES;
				GCC_WARN_UNINITIALIZED_AUTOS = YES_AGGRESSIVE;
				GCC_WARN_UNUSED_FUNCTION = YES;
				GCC_WARN_UNUSED_VARIABLE = YES;
				IPHONEOS_DEPLOYMENT_TARGET = 11.1;
				MTL_ENABLE_DEBUG_INFO = NO;
				SDKROOT = iphoneos;
				SWIFT_OPTIMIZATION_LEVEL = "-Owholemodule";
				VALIDATE_PRODUCT = YES;
			};
			name = Release;
		};
		DC4307C51FB13398005FD7B7 /* Debug */ = {
			isa = XCBuildConfiguration;
			buildSettings = {
				ASSETCATALOG_COMPILER_APPICON_NAME = AppIcon;
				CODE_SIGN_STYLE = Automatic;
				DEVELOPMENT_TEAM = WHWTVK343F;
				INFOPLIST_FILE = FoodChecker/Info.plist;
				LD_RUNPATH_SEARCH_PATHS = "$(inherited) @executable_path/Frameworks";
				PRODUCT_BUNDLE_IDENTIFIER = com.filiptrzaska.FoodChecker;
				PRODUCT_NAME = "$(TARGET_NAME)";
				SWIFT_VERSION = 4.0;
				TARGETED_DEVICE_FAMILY = "1,2";
			};
			name = Debug;
		};
		DC4307C61FB13398005FD7B7 /* Release */ = {
			isa = XCBuildConfiguration;
			buildSettings = {
				ASSETCATALOG_COMPILER_APPICON_NAME = AppIcon;
				CODE_SIGN_STYLE = Automatic;
				DEVELOPMENT_TEAM = WHWTVK343F;
				INFOPLIST_FILE = FoodChecker/Info.plist;
				LD_RUNPATH_SEARCH_PATHS = "$(inherited) @executable_path/Frameworks";
				PRODUCT_BUNDLE_IDENTIFIER = com.filiptrzaska.FoodChecker;
				PRODUCT_NAME = "$(TARGET_NAME)";
				SWIFT_VERSION = 4.0;
				TARGETED_DEVICE_FAMILY = "1,2";
			};
			name = Release;
		};
/* End XCBuildConfiguration section */

/* Begin XCConfigurationList section */
		DC4307AD1FB13398005FD7B7 /* Build configuration list for PBXProject "FoodChecker" */ = {
			isa = XCConfigurationList;
			buildConfigurations = (
				DC4307C21FB13398005FD7B7 /* Debug */,
				DC4307C31FB13398005FD7B7 /* Release */,
			);
			defaultConfigurationIsVisible = 0;
			defaultConfigurationName = Release;
		};
		DC4307C41FB13398005FD7B7 /* Build configuration list for PBXNativeTarget "FoodChecker" */ = {
			isa = XCConfigurationList;
			buildConfigurations = (
				DC4307C51FB13398005FD7B7 /* Debug */,
				DC4307C61FB13398005FD7B7 /* Release */,
			);
			defaultConfigurationIsVisible = 0;
			defaultConfigurationName = Release;
		};
/* End XCConfigurationList section */
	};
	rootObject = DC4307AA1FB13398005FD7B7 /* Project object */;
}
